
Microsoft Visual Studio Solution File, Format Version 12.00
# Visual Studio Version 17
VisualStudioVersion = 17.13.35806.99 d17.13
MinimumVisualStudioVersion = 10.0.40219.1
Project("{FAE04EC0-301F-11D3-BF4B-00C04F79EFBC}") = "mushroom-automation-back", "mushroom-automation-back\mushroom-automation-back.csproj", "{02999043-0F56-4330-AC74-A6AFDDA3DE6C}"
	ProjectSection(ProjectDependencies) = postProject
		{128B204B-FAC3-4D1E-ABDE-4522978408D0} = {128B204B-FAC3-4D1E-ABDE-4522978408D0}
		{6411FC05-F357-4097-B7E7-5B83751176D8} = {6411FC05-F357-4097-B7E7-5B83751176D8}
		{6C7C55F1-594E-4214-9A96-08160EA8E37C} = {6C7C55F1-594E-4214-9A96-08160EA8E37C}
	EndProjectSection
EndProject
Project("{FAE04EC0-301F-11D3-BF4B-00C04F79EFBC}") = "Application", "Application\Application.csproj", "{128B204B-FAC3-4D1E-ABDE-4522978408D0}"
	ProjectSection(ProjectDependencies) = postProject
		{6411FC05-F357-4097-B7E7-5B83751176D8} = {6411FC05-F357-4097-B7E7-5B83751176D8}
	EndProjectSection
EndProject
Project("{FAE04EC0-301F-11D3-BF4B-00C04F79EFBC}") = "Domain", "Domain\Domain.csproj", "{6411FC05-F357-4097-B7E7-5B83751176D8}"
EndProject
Project("{FAE04EC0-301F-11D3-BF4B-00C04F79EFBC}") = "Infrastructure", "Infrastructure\Infrastructure.csproj", "{6C7C55F1-594E-4214-9A96-08160EA8E37C}"
EndProject
Global
	GlobalSection(SolutionConfigurationPlatforms) = preSolution
		Debug|Any CPU = Debug|Any CPU
		Release|Any CPU = Release|Any CPU
	EndGlobalSection
	GlobalSection(ProjectConfigurationPlatforms) = postSolution
		{02999043-0F56-4330-AC74-A6AFDDA3DE6C}.Debug|Any CPU.ActiveCfg = Debug|Any CPU
		{02999043-0F56-4330-AC74-A6AFDDA3DE6C}.Debug|Any CPU.Build.0 = Debug|Any CPU
		{02999043-0F56-4330-AC74-A6AFDDA3DE6C}.Release|Any CPU.ActiveCfg = Release|Any CPU
		{02999043-0F56-4330-AC74-A6AFDDA3DE6C}.Release|Any CPU.Build.0 = Release|Any CPU
		{128B204B-FAC3-4D1E-ABDE-4522978408D0}.Debug|Any CPU.ActiveCfg = Debug|Any CPU
		{128B204B-FAC3-4D1E-ABDE-4522978408D0}.Debug|Any CPU.Build.0 = Debug|Any CPU
		{128B204B-FAC3-4D1E-ABDE-4522978408D0}.Release|Any CPU.ActiveCfg = Release|Any CPU
		{128B204B-FAC3-4D1E-ABDE-4522978408D0}.Release|Any CPU.Build.0 = Release|Any CPU
		{6411FC05-F357-4097-B7E7-5B83751176D8}.Debug|Any CPU.ActiveCfg = Debug|Any CPU
		{6411FC05-F357-4097-B7E7-5B83751176D8}.Debug|Any CPU.Build.0 = Debug|Any CPU
		{6411FC05-F357-4097-B7E7-5B83751176D8}.Release|Any CPU.ActiveCfg = Release|Any CPU
		{6411FC05-F357-4097-B7E7-5B83751176D8}.Release|Any CPU.Build.0 = Release|Any CPU
		{6C7C55F1-594E-4214-9A96-08160EA8E37C}.Debug|Any CPU.ActiveCfg = Debug|Any CPU
		{6C7C55F1-594E-4214-9A96-08160EA8E37C}.Debug|Any CPU.Build.0 = Debug|Any CPU
		{6C7C55F1-594E-4214-9A96-08160EA8E37C}.Release|Any CPU.ActiveCfg = Release|Any CPU
		{6C7C55F1-594E-4214-9A96-08160EA8E37C}.Release|Any CPU.Build.0 = Release|Any CPU
	EndGlobalSection
	GlobalSection(SolutionProperties) = preSolution
		HideSolutionNode = FALSE
	EndGlobalSection
	GlobalSection(ExtensibilityGlobals) = postSolution
		SolutionGuid = {B8382852-29D0-4FDC-9965-2353EBD92693}
	EndGlobalSection
EndGlobal
